
Microsoft Visual Studio Solution File, Format Version 12.00
# Visual Studio Version 17
VisualStudioVersion = 17.0.32112.339
MinimumVisualStudioVersion = 10.0.40219.1
Project("{8BC9CEB8-8B4A-11D0-8D11-00A0C91BC942}") = "Car", "Car\Car.vcxproj", "{961FAE52-3EC0-4E36-8EBB-2DC2BEA06F57}"
EndProject
Project("{8BC9CEB8-8B4A-11D0-8D11-00A0C91BC942}") = "Threads", "Threads\Threads.vcxproj", "{C8268422-9975-44C2-B563-A77397280554}"
EndProject
Project("{8BC9CEB8-8B4A-11D0-8D11-00A0C91BC942}") = "WinApi", "WinApi\WinApi.vcxproj", "{CC50648F-46D0-413D-9C11-2DF92977B72C}"
EndProject
Global
	GlobalSection(SolutionConfigurationPlatforms) = preSolution
		Debug|x64 = Debug|x64
		Debug|x86 = Debug|x86
		Release|x64 = Release|x64
		Release|x86 = Release|x86
	EndGlobalSection
	GlobalSection(ProjectConfigurationPlatforms) = postSolution
		{961FAE52-3EC0-4E36-8EBB-2DC2BEA06F57}.Debug|x64.ActiveCfg = Debug|x64
		{961FAE52-3EC0-4E36-8EBB-2DC2BEA06F57}.Debug|x64.Build.0 = Debug|x64
		{961FAE52-3EC0-4E36-8EBB-2DC2BEA06F57}.Debug|x86.ActiveCfg = Debug|Win32
		{961FAE52-3EC0-4E36-8EBB-2DC2BEA06F57}.Debug|x86.Build.0 = Debug|Win32
		{961FAE52-3EC0-4E36-8EBB-2DC2BEA06F57}.Release|x64.ActiveCfg = Release|x64
		{961FAE52-3EC0-4E36-8EBB-2DC2BEA06F57}.Release|x64.Build.0 = Release|x64
		{961FAE52-3EC0-4E36-8EBB-2DC2BEA06F57}.Release|x86.ActiveCfg = Release|Win32
		{961FAE52-3EC0-4E36-8EBB-2DC2BEA06F57}.Release|x86.Build.0 = Release|Win32
		{C8268422-9975-44C2-B563-A77397280554}.Debug|x64.ActiveCfg = Debug|x64
		{C8268422-9975-44C2-B563-A77397280554}.Debug|x64.Build.0 = Debug|x64
		{C8268422-9975-44C2-B563-A77397280554}.Debug|x86.ActiveCfg = Debug|Win32
		{C8268422-9975-44C2-B563-A77397280554}.Debug|x86.Build.0 = Debug|Win32
		{C8268422-9975-44C2-B563-A77397280554}.Release|x64.ActiveCfg = Release|x64
		{C8268422-9975-44C2-B563-A77397280554}.Release|x64.Build.0 = Release|x64
		{C8268422-9975-44C2-B563-A77397280554}.Release|x86.ActiveCfg = Release|Win32
		{C8268422-9975-44C2-B563-A77397280554}.Release|x86.Build.0 = Release|Win32
		{CC50648F-46D0-413D-9C11-2DF92977B72C}.Debug|x64.ActiveCfg = Debug|x64
		{CC50648F-46D0-413D-9C11-2DF92977B72C}.Debug|x64.Build.0 = Debug|x64
		{CC50648F-46D0-413D-9C11-2DF92977B72C}.Debug|x86.ActiveCfg = Debug|Win32
		{CC50648F-46D0-413D-9C11-2DF92977B72C}.Debug|x86.Build.0 = Debug|Win32
		{CC50648F-46D0-413D-9C11-2DF92977B72C}.Release|x64.ActiveCfg = Release|x64
		{CC50648F-46D0-413D-9C11-2DF92977B72C}.Release|x64.Build.0 = Release|x64
		{CC50648F-46D0-413D-9C11-2DF92977B72C}.Release|x86.ActiveCfg = Release|Win32
		{CC50648F-46D0-413D-9C11-2DF92977B72C}.Release|x86.Build.0 = Release|Win32
	EndGlobalSection
	GlobalSection(SolutionProperties) = preSolution
		HideSolutionNode = FALSE
	EndGlobalSection
	GlobalSection(ExtensibilityGlobals) = postSolution
		SolutionGuid = {1CC60889-AB31-496D-B1A8-494344E7F3B8}
	EndGlobalSection
EndGlobal
